// !$*UTF8*$!
{
	archiveVersion = 1;
	classes = {
	};
	objectVersion = 56;
	objects = {

/* Begin PBXBuildFile section */
		0A6B54532BF0FCB8001E3F95 /* PracticeCardView.swift in Sources */ = {isa = PBXBuildFile; fileRef = 0A6B54522BF0FCB8001E3F95 /* PracticeCardView.swift */; };
		0A6B54592BF1FF67001E3F95 /* GroundingSlowingDownView.swift in Sources */ = {isa = PBXBuildFile; fileRef = 0A6B54582BF1FF67001E3F95 /* GroundingSlowingDownView.swift */; };
		0A84178D2BF2779B001E707D /* GroundingAffirmationView.swift in Sources */ = {isa = PBXBuildFile; fileRef = 0A84178C2BF2779B001E707D /* GroundingAffirmationView.swift */; };
		0A8417922BF27E10001E707D /* GroundingRefocusTouchView.swift in Sources */ = {isa = PBXBuildFile; fileRef = 0A8417912BF27E10001E707D /* GroundingRefocusTouchView.swift */; };
		0A8417942BF27F76001E707D /* GroundingEmotionalStormView.swift in Sources */ = {isa = PBXBuildFile; fileRef = 0A8417932BF27F76001E707D /* GroundingEmotionalStormView.swift */; };
		0A8417962BF28043001E707D /* GroundingRefocusSightView.swift in Sources */ = {isa = PBXBuildFile; fileRef = 0A8417952BF28043001E707D /* GroundingRefocusSightView.swift */; };
		0A8417982BF36ABC001E707D /* GroundingEmotionEmptyView.swift in Sources */ = {isa = PBXBuildFile; fileRef = 0A8417972BF36ABC001E707D /* GroundingEmotionEmptyView.swift */; };
		0A84179C2BF8FEE7001E707D /* InsightsDetailView.swift in Sources */ = {isa = PBXBuildFile; fileRef = 0A84179B2BF8FEE7001E707D /* InsightsDetailView.swift */; };
		8A04045D2BEB58D5002202F0 /* JournalingHomeView.swift in Sources */ = {isa = PBXBuildFile; fileRef = 8A04045C2BEB58D5002202F0 /* JournalingHomeView.swift */; };
		8A0404632BEB5952002202F0 /* InsightsView.swift in Sources */ = {isa = PBXBuildFile; fileRef = 8A0404622BEB5952002202F0 /* InsightsView.swift */; };
		8A0404A12BF06AFB002202F0 /* CardsView.swift in Sources */ = {isa = PBXBuildFile; fileRef = 8A0404A02BF06AFB002202F0 /* CardsView.swift */; };
		8A3098772BE8D4A000F27593 /* actappApp.swift in Sources */ = {isa = PBXBuildFile; fileRef = 8A3098762BE8D4A000F27593 /* actappApp.swift */; };
		8A30987B2BE8D4A200F27593 /* Assets.xcassets in Resources */ = {isa = PBXBuildFile; fileRef = 8A30987A2BE8D4A200F27593 /* Assets.xcassets */; };
		8A30987E2BE8D4A200F27593 /* Preview Assets.xcassets in Resources */ = {isa = PBXBuildFile; fileRef = 8A30987D2BE8D4A200F27593 /* Preview Assets.xcassets */; };
		8A3098882BE8D4A200F27593 /* actappTests.swift in Sources */ = {isa = PBXBuildFile; fileRef = 8A3098872BE8D4A200F27593 /* actappTests.swift */; };
		8A3098922BE8D4A200F27593 /* actappUITests.swift in Sources */ = {isa = PBXBuildFile; fileRef = 8A3098912BE8D4A200F27593 /* actappUITests.swift */; };
		8A3098942BE8D4A200F27593 /* actappUITestsLaunchTests.swift in Sources */ = {isa = PBXBuildFile; fileRef = 8A3098932BE8D4A200F27593 /* actappUITestsLaunchTests.swift */; };
		8AF888D92BEA3B1600597EB9 /* ButtonView.swift in Sources */ = {isa = PBXBuildFile; fileRef = 8AF888D82BEA3B1600597EB9 /* ButtonView.swift */; };
		9F392EA62BED349B0041D509 /* SplashScreenView.swift in Sources */ = {isa = PBXBuildFile; fileRef = 9F392EA52BED349B0041D509 /* SplashScreenView.swift */; };
		9F392EAA2BED387C0041D509 /* OnboardingIntroFirstView.swift in Sources */ = {isa = PBXBuildFile; fileRef = 9F392EA92BED387C0041D509 /* OnboardingIntroFirstView.swift */; };
		9F392EAC2BED39150041D509 /* OnboardingIntroSecondView.swift in Sources */ = {isa = PBXBuildFile; fileRef = 9F392EAB2BED39150041D509 /* OnboardingIntroSecondView.swift */; };
		9F392EAE2BED46140041D509 /* OnboardingAllSetView.swift in Sources */ = {isa = PBXBuildFile; fileRef = 9F392EAD2BED46140041D509 /* OnboardingAllSetView.swift */; };
		9F392EB02BED48F50041D509 /* OnboardingValueSettingView.swift in Sources */ = {isa = PBXBuildFile; fileRef = 9F392EAF2BED48F50041D509 /* OnboardingValueSettingView.swift */; };
		9F392EB22BED492B0041D509 /* OnboardingReminderSettingView.swift in Sources */ = {isa = PBXBuildFile; fileRef = 9F392EB12BED492B0041D509 /* OnboardingReminderSettingView.swift */; };
		9FDA842B2BF45706009961DD /* ActingOnYourValuesAffirmationView.swift in Sources */ = {isa = PBXBuildFile; fileRef = 9FDA842A2BF45706009961DD /* ActingOnYourValuesAffirmationView.swift */; };
		9FDA84412BF49196009961DD /* ActingOnYourValuesDefaultView.swift in Sources */ = {isa = PBXBuildFile; fileRef = 9FDA84402BF49196009961DD /* ActingOnYourValuesDefaultView.swift */; };
/* End PBXBuildFile section */

/* Begin PBXContainerItemProxy section */
		8A3098842BE8D4A200F27593 /* PBXContainerItemProxy */ = {
			isa = PBXContainerItemProxy;
			containerPortal = 8A30986B2BE8D4A000F27593 /* Project object */;
			proxyType = 1;
			remoteGlobalIDString = 8A3098722BE8D4A000F27593;
			remoteInfo = actapp;
		};
		8A30988E2BE8D4A200F27593 /* PBXContainerItemProxy */ = {
			isa = PBXContainerItemProxy;
			containerPortal = 8A30986B2BE8D4A000F27593 /* Project object */;
			proxyType = 1;
			remoteGlobalIDString = 8A3098722BE8D4A000F27593;
			remoteInfo = actapp;
		};
/* End PBXContainerItemProxy section */

/* Begin PBXFileReference section */
		0A6B54522BF0FCB8001E3F95 /* PracticeCardView.swift */ = {isa = PBXFileReference; lastKnownFileType = sourcecode.swift; path = PracticeCardView.swift; sourceTree = "<group>"; };
		0A6B54582BF1FF67001E3F95 /* GroundingSlowingDownView.swift */ = {isa = PBXFileReference; lastKnownFileType = sourcecode.swift; path = GroundingSlowingDownView.swift; sourceTree = "<group>"; };
		0A84178C2BF2779B001E707D /* GroundingAffirmationView.swift */ = {isa = PBXFileReference; lastKnownFileType = sourcecode.swift; path = GroundingAffirmationView.swift; sourceTree = "<group>"; };
		0A8417912BF27E10001E707D /* GroundingRefocusTouchView.swift */ = {isa = PBXFileReference; lastKnownFileType = sourcecode.swift; path = GroundingRefocusTouchView.swift; sourceTree = "<group>"; };
		0A8417932BF27F76001E707D /* GroundingEmotionalStormView.swift */ = {isa = PBXFileReference; lastKnownFileType = sourcecode.swift; path = GroundingEmotionalStormView.swift; sourceTree = "<group>"; };
		0A8417952BF28043001E707D /* GroundingRefocusSightView.swift */ = {isa = PBXFileReference; lastKnownFileType = sourcecode.swift; path = GroundingRefocusSightView.swift; sourceTree = "<group>"; };
		0A8417972BF36ABC001E707D /* GroundingEmotionEmptyView.swift */ = {isa = PBXFileReference; lastKnownFileType = sourcecode.swift; path = GroundingEmotionEmptyView.swift; sourceTree = "<group>"; };
		0A84179B2BF8FEE7001E707D /* InsightsDetailView.swift */ = {isa = PBXFileReference; lastKnownFileType = sourcecode.swift; path = InsightsDetailView.swift; sourceTree = "<group>"; };
		8A04045C2BEB58D5002202F0 /* JournalingHomeView.swift */ = {isa = PBXFileReference; lastKnownFileType = sourcecode.swift; path = JournalingHomeView.swift; sourceTree = "<group>"; };
		8A0404622BEB5952002202F0 /* InsightsView.swift */ = {isa = PBXFileReference; lastKnownFileType = sourcecode.swift; path = InsightsView.swift; sourceTree = "<group>"; };
		8A0404A02BF06AFB002202F0 /* CardsView.swift */ = {isa = PBXFileReference; lastKnownFileType = sourcecode.swift; path = CardsView.swift; sourceTree = "<group>"; };
		8A3098732BE8D4A000F27593 /* actapp.app */ = {isa = PBXFileReference; explicitFileType = wrapper.application; includeInIndex = 0; path = actapp.app; sourceTree = BUILT_PRODUCTS_DIR; };
		8A3098762BE8D4A000F27593 /* actappApp.swift */ = {isa = PBXFileReference; lastKnownFileType = sourcecode.swift; path = actappApp.swift; sourceTree = "<group>"; };
		8A30987A2BE8D4A200F27593 /* Assets.xcassets */ = {isa = PBXFileReference; lastKnownFileType = folder.assetcatalog; path = Assets.xcassets; sourceTree = "<group>"; };
		8A30987D2BE8D4A200F27593 /* Preview Assets.xcassets */ = {isa = PBXFileReference; lastKnownFileType = folder.assetcatalog; path = "Preview Assets.xcassets"; sourceTree = "<group>"; };
		8A3098832BE8D4A200F27593 /* actappTests.xctest */ = {isa = PBXFileReference; explicitFileType = wrapper.cfbundle; includeInIndex = 0; path = actappTests.xctest; sourceTree = BUILT_PRODUCTS_DIR; };
		8A3098872BE8D4A200F27593 /* actappTests.swift */ = {isa = PBXFileReference; lastKnownFileType = sourcecode.swift; path = actappTests.swift; sourceTree = "<group>"; };
		8A30988D2BE8D4A200F27593 /* actappUITests.xctest */ = {isa = PBXFileReference; explicitFileType = wrapper.cfbundle; includeInIndex = 0; path = actappUITests.xctest; sourceTree = BUILT_PRODUCTS_DIR; };
		8A3098912BE8D4A200F27593 /* actappUITests.swift */ = {isa = PBXFileReference; lastKnownFileType = sourcecode.swift; path = actappUITests.swift; sourceTree = "<group>"; };
		8A3098932BE8D4A200F27593 /* actappUITestsLaunchTests.swift */ = {isa = PBXFileReference; lastKnownFileType = sourcecode.swift; path = actappUITestsLaunchTests.swift; sourceTree = "<group>"; };
		8AF888D82BEA3B1600597EB9 /* ButtonView.swift */ = {isa = PBXFileReference; lastKnownFileType = sourcecode.swift; path = ButtonView.swift; sourceTree = "<group>"; };
		9F392EA52BED349B0041D509 /* SplashScreenView.swift */ = {isa = PBXFileReference; lastKnownFileType = sourcecode.swift; path = SplashScreenView.swift; sourceTree = "<group>"; };
		9F392EA92BED387C0041D509 /* OnboardingIntroFirstView.swift */ = {isa = PBXFileReference; lastKnownFileType = sourcecode.swift; path = OnboardingIntroFirstView.swift; sourceTree = "<group>"; };
		9F392EAB2BED39150041D509 /* OnboardingIntroSecondView.swift */ = {isa = PBXFileReference; lastKnownFileType = sourcecode.swift; path = OnboardingIntroSecondView.swift; sourceTree = "<group>"; };
		9F392EAD2BED46140041D509 /* OnboardingAllSetView.swift */ = {isa = PBXFileReference; lastKnownFileType = sourcecode.swift; path = OnboardingAllSetView.swift; sourceTree = "<group>"; };
		9F392EAF2BED48F50041D509 /* OnboardingValueSettingView.swift */ = {isa = PBXFileReference; lastKnownFileType = sourcecode.swift; path = OnboardingValueSettingView.swift; sourceTree = "<group>"; };
		9F392EB12BED492B0041D509 /* OnboardingReminderSettingView.swift */ = {isa = PBXFileReference; lastKnownFileType = sourcecode.swift; path = OnboardingReminderSettingView.swift; sourceTree = "<group>"; };
		9FDA842A2BF45706009961DD /* ActingOnYourValuesAffirmationView.swift */ = {isa = PBXFileReference; lastKnownFileType = sourcecode.swift; path = ActingOnYourValuesAffirmationView.swift; sourceTree = "<group>"; };
		9FDA84402BF49196009961DD /* ActingOnYourValuesDefaultView.swift */ = {isa = PBXFileReference; lastKnownFileType = sourcecode.swift; path = ActingOnYourValuesDefaultView.swift; sourceTree = "<group>"; };
/* End PBXFileReference section */

/* Begin PBXFrameworksBuildPhase section */
		8A3098702BE8D4A000F27593 /* Frameworks */ = {
			isa = PBXFrameworksBuildPhase;
			buildActionMask = 2147483647;
			files = (
			);
			runOnlyForDeploymentPostprocessing = 0;
		};
		8A3098802BE8D4A200F27593 /* Frameworks */ = {
			isa = PBXFrameworksBuildPhase;
			buildActionMask = 2147483647;
			files = (
			);
			runOnlyForDeploymentPostprocessing = 0;
		};
		8A30988A2BE8D4A200F27593 /* Frameworks */ = {
			isa = PBXFrameworksBuildPhase;
			buildActionMask = 2147483647;
			files = (
			);
			runOnlyForDeploymentPostprocessing = 0;
		};
/* End PBXFrameworksBuildPhase section */

/* Begin PBXGroup section */
		8A04045A2BEB1326002202F0 /* openingview */ = {
			isa = PBXGroup;
			children = (
				9F392EA52BED349B0041D509 /* SplashScreenView.swift */,
				9F392EA92BED387C0041D509 /* OnboardingIntroFirstView.swift */,
				9F392EAB2BED39150041D509 /* OnboardingIntroSecondView.swift */,
				9F392EAF2BED48F50041D509 /* OnboardingValueSettingView.swift */,
				9F392EB12BED492B0041D509 /* OnboardingReminderSettingView.swift */,
				9F392EAD2BED46140041D509 /* OnboardingAllSetView.swift */,
			);
			path = openingview;
			sourceTree = "<group>";
		};
		8A04045B2BEB589B002202F0 /* sosjournaling */ = {
			isa = PBXGroup;
			children = (
				8A04045C2BEB58D5002202F0 /* JournalingHomeView.swift */,
				0A6B54582BF1FF67001E3F95 /* GroundingSlowingDownView.swift */,
				0A8417972BF36ABC001E707D /* GroundingEmotionEmptyView.swift */,
				0A84178C2BF2779B001E707D /* GroundingAffirmationView.swift */,
				0A8417932BF27F76001E707D /* GroundingEmotionalStormView.swift */,
				0A8417952BF28043001E707D /* GroundingRefocusSightView.swift */,
				0A8417912BF27E10001E707D /* GroundingRefocusTouchView.swift */,
			);
			path = sosjournaling;
			sourceTree = "<group>";
		};
		8A04045E2BEB58DD002202F0 /* regularjournaling */ = {
			isa = PBXGroup;
			children = (
				9FDA84402BF49196009961DD /* ActingOnYourValuesDefaultView.swift */,
				9FDA842A2BF45706009961DD /* ActingOnYourValuesAffirmationView.swift */,
			);
			path = regularjournaling;
			sourceTree = "<group>";
		};
		8A0404612BEB58F7002202F0 /* insights */ = {
			isa = PBXGroup;
			children = (
				8A0404622BEB5952002202F0 /* InsightsView.swift */,
				0A84179B2BF8FEE7001E707D /* InsightsDetailView.swift */,
			);
			path = insights;
			sourceTree = "<group>";
		};
		8A30986A2BE8D4A000F27593 = {
			isa = PBXGroup;
			children = (
				8A88EB7C2BF74EAE0068A9A6 /* features */,
				8A3098752BE8D4A000F27593 /* actapp */,
				8A3098862BE8D4A200F27593 /* actappTests */,
				8A3098902BE8D4A200F27593 /* actappUITests */,
				8A3098742BE8D4A000F27593 /* Products */,
			);
			sourceTree = "<group>";
		};
		8A3098742BE8D4A000F27593 /* Products */ = {
			isa = PBXGroup;
			children = (
				8A3098732BE8D4A000F27593 /* actapp.app */,
				8A3098832BE8D4A200F27593 /* actappTests.xctest */,
				8A30988D2BE8D4A200F27593 /* actappUITests.xctest */,
			);
			name = Products;
			sourceTree = "<group>";
		};
		8A3098752BE8D4A000F27593 /* actapp */ = {
			isa = PBXGroup;
			children = (
				8A3098762BE8D4A000F27593 /* actappApp.swift */,
				8A30987A2BE8D4A200F27593 /* Assets.xcassets */,
				8A30987C2BE8D4A200F27593 /* Preview Content */,
			);
			path = actapp;
			sourceTree = "<group>";
		};
		8A30987C2BE8D4A200F27593 /* Preview Content */ = {
			isa = PBXGroup;
			children = (
				8A30987D2BE8D4A200F27593 /* Preview Assets.xcassets */,
			);
			path = "Preview Content";
			sourceTree = "<group>";
		};
		8A3098862BE8D4A200F27593 /* actappTests */ = {
			isa = PBXGroup;
			children = (
				8A3098872BE8D4A200F27593 /* actappTests.swift */,
			);
			path = actappTests;
			sourceTree = "<group>";
		};
		8A3098902BE8D4A200F27593 /* actappUITests */ = {
			isa = PBXGroup;
			children = (
				8A3098912BE8D4A200F27593 /* actappUITests.swift */,
				8A3098932BE8D4A200F27593 /* actappUITestsLaunchTests.swift */,
			);
			path = actappUITests;
			sourceTree = "<group>";
		};
		8A88EB7C2BF74EAE0068A9A6 /* features */ = {
			isa = PBXGroup;
			children = (
				8AF888D72BEA2C9600597EB9 /* components */,
				8A0404612BEB58F7002202F0 /* insights */,
				8A04045E2BEB58DD002202F0 /* regularjournaling */,
				8A04045B2BEB589B002202F0 /* sosjournaling */,
				8A04045A2BEB1326002202F0 /* openingview */,
			);
			path = features;
			sourceTree = "<group>";
		};
		8AF888D72BEA2C9600597EB9 /* components */ = {
			isa = PBXGroup;
			children = (
				8AF888D82BEA3B1600597EB9 /* ButtonView.swift */,
				8A0404A02BF06AFB002202F0 /* CardsView.swift */,
				0A6B54522BF0FCB8001E3F95 /* PracticeCardView.swift */,
			);
			path = components;
			sourceTree = "<group>";
		};
/* End PBXGroup section */

/* Begin PBXNativeTarget section */
		8A3098722BE8D4A000F27593 /* actapp */ = {
			isa = PBXNativeTarget;
			buildConfigurationList = 8A3098972BE8D4A200F27593 /* Build configuration list for PBXNativeTarget "actapp" */;
			buildPhases = (
				8A30986F2BE8D4A000F27593 /* Sources */,
				8A3098702BE8D4A000F27593 /* Frameworks */,
				8A3098712BE8D4A000F27593 /* Resources */,
			);
			buildRules = (
			);
			dependencies = (
			);
			name = actapp;
			productName = actapp;
			productReference = 8A3098732BE8D4A000F27593 /* actapp.app */;
			productType = "com.apple.product-type.application";
		};
		8A3098822BE8D4A200F27593 /* actappTests */ = {
			isa = PBXNativeTarget;
			buildConfigurationList = 8A30989A2BE8D4A200F27593 /* Build configuration list for PBXNativeTarget "actappTests" */;
			buildPhases = (
				8A30987F2BE8D4A200F27593 /* Sources */,
				8A3098802BE8D4A200F27593 /* Frameworks */,
				8A3098812BE8D4A200F27593 /* Resources */,
			);
			buildRules = (
			);
			dependencies = (
				8A3098852BE8D4A200F27593 /* PBXTargetDependency */,
			);
			name = actappTests;
			productName = actappTests;
			productReference = 8A3098832BE8D4A200F27593 /* actappTests.xctest */;
			productType = "com.apple.product-type.bundle.unit-test";
		};
		8A30988C2BE8D4A200F27593 /* actappUITests */ = {
			isa = PBXNativeTarget;
			buildConfigurationList = 8A30989D2BE8D4A200F27593 /* Build configuration list for PBXNativeTarget "actappUITests" */;
			buildPhases = (
				8A3098892BE8D4A200F27593 /* Sources */,
				8A30988A2BE8D4A200F27593 /* Frameworks */,
				8A30988B2BE8D4A200F27593 /* Resources */,
			);
			buildRules = (
			);
			dependencies = (
				8A30988F2BE8D4A200F27593 /* PBXTargetDependency */,
			);
			name = actappUITests;
			productName = actappUITests;
			productReference = 8A30988D2BE8D4A200F27593 /* actappUITests.xctest */;
			productType = "com.apple.product-type.bundle.ui-testing";
		};
/* End PBXNativeTarget section */

/* Begin PBXProject section */
		8A30986B2BE8D4A000F27593 /* Project object */ = {
			isa = PBXProject;
			attributes = {
				BuildIndependentTargetsInParallel = 1;
				LastSwiftUpdateCheck = 1530;
				LastUpgradeCheck = 1530;
				TargetAttributes = {
					8A3098722BE8D4A000F27593 = {
						CreatedOnToolsVersion = 15.3;
					};
					8A3098822BE8D4A200F27593 = {
						CreatedOnToolsVersion = 15.3;
						TestTargetID = 8A3098722BE8D4A000F27593;
					};
					8A30988C2BE8D4A200F27593 = {
						CreatedOnToolsVersion = 15.3;
						TestTargetID = 8A3098722BE8D4A000F27593;
					};
				};
			};
			buildConfigurationList = 8A30986E2BE8D4A000F27593 /* Build configuration list for PBXProject "actapp" */;
			compatibilityVersion = "Xcode 14.0";
			developmentRegion = en;
			hasScannedForEncodings = 0;
			knownRegions = (
				en,
				Base,
			);
			mainGroup = 8A30986A2BE8D4A000F27593;
			productRefGroup = 8A3098742BE8D4A000F27593 /* Products */;
			projectDirPath = "";
			projectRoot = "";
			targets = (
				8A3098722BE8D4A000F27593 /* actapp */,
				8A3098822BE8D4A200F27593 /* actappTests */,
				8A30988C2BE8D4A200F27593 /* actappUITests */,
			);
		};
/* End PBXProject section */

/* Begin PBXResourcesBuildPhase section */
		8A3098712BE8D4A000F27593 /* Resources */ = {
			isa = PBXResourcesBuildPhase;
			buildActionMask = 2147483647;
			files = (
				8A30987E2BE8D4A200F27593 /* Preview Assets.xcassets in Resources */,
				8A30987B2BE8D4A200F27593 /* Assets.xcassets in Resources */,
			);
			runOnlyForDeploymentPostprocessing = 0;
		};
		8A3098812BE8D4A200F27593 /* Resources */ = {
			isa = PBXResourcesBuildPhase;
			buildActionMask = 2147483647;
			files = (
			);
			runOnlyForDeploymentPostprocessing = 0;
		};
		8A30988B2BE8D4A200F27593 /* Resources */ = {
			isa = PBXResourcesBuildPhase;
			buildActionMask = 2147483647;
			files = (
			);
			runOnlyForDeploymentPostprocessing = 0;
		};
/* End PBXResourcesBuildPhase section */

/* Begin PBXSourcesBuildPhase section */
		8A30986F2BE8D4A000F27593 /* Sources */ = {
			isa = PBXSourcesBuildPhase;
			buildActionMask = 2147483647;
			files = (
				8A0404A12BF06AFB002202F0 /* CardsView.swift in Sources */,
				0A8417982BF36ABC001E707D /* GroundingEmotionEmptyView.swift in Sources */,
				0A6B54532BF0FCB8001E3F95 /* PracticeCardView.swift in Sources */,
				9FDA842B2BF45706009961DD /* ActingOnYourValuesAffirmationView.swift in Sources */,
				9FDA84412BF49196009961DD /* ActingOnYourValuesDefaultView.swift in Sources */,
				0A8417922BF27E10001E707D /* GroundingRefocusTouchView.swift in Sources */,
				9F392EAE2BED46140041D509 /* OnboardingAllSetView.swift in Sources */,
				0A84178D2BF2779B001E707D /* GroundingAffirmationView.swift in Sources */,
				9F392EB02BED48F50041D509 /* OnboardingValueSettingView.swift in Sources */,
				8AF888D92BEA3B1600597EB9 /* ButtonView.swift in Sources */,
				8A04045D2BEB58D5002202F0 /* JournalingHomeView.swift in Sources */,
				0A8417962BF28043001E707D /* GroundingRefocusSightView.swift in Sources */,
				9F392EB22BED492B0041D509 /* OnboardingReminderSettingView.swift in Sources */,
				9F392EAC2BED39150041D509 /* OnboardingIntroSecondView.swift in Sources */,
				8A3098772BE8D4A000F27593 /* actappApp.swift in Sources */,
				0A84179C2BF8FEE7001E707D /* InsightsDetailView.swift in Sources */,
				0A6B54592BF1FF67001E3F95 /* GroundingSlowingDownView.swift in Sources */,
				8A0404632BEB5952002202F0 /* InsightsView.swift in Sources */,
				0A8417942BF27F76001E707D /* GroundingEmotionalStormView.swift in Sources */,
				9F392EA62BED349B0041D509 /* SplashScreenView.swift in Sources */,
				9F392EAA2BED387C0041D509 /* OnboardingIntroFirstView.swift in Sources */,
			);
			runOnlyForDeploymentPostprocessing = 0;
		};
		8A30987F2BE8D4A200F27593 /* Sources */ = {
			isa = PBXSourcesBuildPhase;
			buildActionMask = 2147483647;
			files = (
				8A3098882BE8D4A200F27593 /* actappTests.swift in Sources */,
			);
			runOnlyForDeploymentPostprocessing = 0;
		};
		8A3098892BE8D4A200F27593 /* Sources */ = {
			isa = PBXSourcesBuildPhase;
			buildActionMask = 2147483647;
			files = (
				8A3098922BE8D4A200F27593 /* actappUITests.swift in Sources */,
				8A3098942BE8D4A200F27593 /* actappUITestsLaunchTests.swift in Sources */,
			);
			runOnlyForDeploymentPostprocessing = 0;
		};
/* End PBXSourcesBuildPhase section */

/* Begin PBXTargetDependency section */
		8A3098852BE8D4A200F27593 /* PBXTargetDependency */ = {
			isa = PBXTargetDependency;
			target = 8A3098722BE8D4A000F27593 /* actapp */;
			targetProxy = 8A3098842BE8D4A200F27593 /* PBXContainerItemProxy */;
		};
		8A30988F2BE8D4A200F27593 /* PBXTargetDependency */ = {
			isa = PBXTargetDependency;
			target = 8A3098722BE8D4A000F27593 /* actapp */;
			targetProxy = 8A30988E2BE8D4A200F27593 /* PBXContainerItemProxy */;
		};
/* End PBXTargetDependency section */

/* Begin XCBuildConfiguration section */
		8A3098952BE8D4A200F27593 /* Debug */ = {
			isa = XCBuildConfiguration;
			buildSettings = {
				ALWAYS_SEARCH_USER_PATHS = NO;
				ASSETCATALOG_COMPILER_GENERATE_SWIFT_ASSET_SYMBOL_EXTENSIONS = YES;
				CLANG_ANALYZER_NONNULL = YES;
				CLANG_ANALYZER_NUMBER_OBJECT_CONVERSION = YES_AGGRESSIVE;
				CLANG_CXX_LANGUAGE_STANDARD = "gnu++20";
				CLANG_ENABLE_MODULES = YES;
				CLANG_ENABLE_OBJC_ARC = YES;
				CLANG_ENABLE_OBJC_WEAK = YES;
				CLANG_WARN_BLOCK_CAPTURE_AUTORELEASING = YES;
				CLANG_WARN_BOOL_CONVERSION = YES;
				CLANG_WARN_COMMA = YES;
				CLANG_WARN_CONSTANT_CONVERSION = YES;
				CLANG_WARN_DEPRECATED_OBJC_IMPLEMENTATIONS = YES;
				CLANG_WARN_DIRECT_OBJC_ISA_USAGE = YES_ERROR;
				CLANG_WARN_DOCUMENTATION_COMMENTS = YES;
				CLANG_WARN_EMPTY_BODY = YES;
				CLANG_WARN_ENUM_CONVERSION = YES;
				CLANG_WARN_INFINITE_RECURSION = YES;
				CLANG_WARN_INT_CONVERSION = YES;
				CLANG_WARN_NON_LITERAL_NULL_CONVERSION = YES;
				CLANG_WARN_OBJC_IMPLICIT_RETAIN_SELF = YES;
				CLANG_WARN_OBJC_LITERAL_CONVERSION = YES;
				CLANG_WARN_OBJC_ROOT_CLASS = YES_ERROR;
				CLANG_WARN_QUOTED_INCLUDE_IN_FRAMEWORK_HEADER = YES;
				CLANG_WARN_RANGE_LOOP_ANALYSIS = YES;
				CLANG_WARN_STRICT_PROTOTYPES = YES;
				CLANG_WARN_SUSPICIOUS_MOVE = YES;
				CLANG_WARN_UNGUARDED_AVAILABILITY = YES_AGGRESSIVE;
				CLANG_WARN_UNREACHABLE_CODE = YES;
				CLANG_WARN__DUPLICATE_METHOD_MATCH = YES;
				COPY_PHASE_STRIP = NO;
				DEBUG_INFORMATION_FORMAT = dwarf;
				ENABLE_STRICT_OBJC_MSGSEND = YES;
				ENABLE_TESTABILITY = YES;
				ENABLE_USER_SCRIPT_SANDBOXING = YES;
				GCC_C_LANGUAGE_STANDARD = gnu17;
				GCC_DYNAMIC_NO_PIC = NO;
				GCC_NO_COMMON_BLOCKS = YES;
				GCC_OPTIMIZATION_LEVEL = 0;
				GCC_PREPROCESSOR_DEFINITIONS = (
					"DEBUG=1",
					"$(inherited)",
				);
				GCC_WARN_64_TO_32_BIT_CONVERSION = YES;
				GCC_WARN_ABOUT_RETURN_TYPE = YES_ERROR;
				GCC_WARN_UNDECLARED_SELECTOR = YES;
				GCC_WARN_UNINITIALIZED_AUTOS = YES_AGGRESSIVE;
				GCC_WARN_UNUSED_FUNCTION = YES;
				GCC_WARN_UNUSED_VARIABLE = YES;
				IPHONEOS_DEPLOYMENT_TARGET = 17.4;
				LOCALIZATION_PREFERS_STRING_CATALOGS = YES;
				MTL_ENABLE_DEBUG_INFO = INCLUDE_SOURCE;
				MTL_FAST_MATH = YES;
				ONLY_ACTIVE_ARCH = YES;
				SDKROOT = iphoneos;
				SWIFT_ACTIVE_COMPILATION_CONDITIONS = "DEBUG $(inherited)";
				SWIFT_OPTIMIZATION_LEVEL = "-Onone";
			};
			name = Debug;
		};
		8A3098962BE8D4A200F27593 /* Release */ = {
			isa = XCBuildConfiguration;
			buildSettings = {
				ALWAYS_SEARCH_USER_PATHS = NO;
				ASSETCATALOG_COMPILER_GENERATE_SWIFT_ASSET_SYMBOL_EXTENSIONS = YES;
				CLANG_ANALYZER_NONNULL = YES;
				CLANG_ANALYZER_NUMBER_OBJECT_CONVERSION = YES_AGGRESSIVE;
				CLANG_CXX_LANGUAGE_STANDARD = "gnu++20";
				CLANG_ENABLE_MODULES = YES;
				CLANG_ENABLE_OBJC_ARC = YES;
				CLANG_ENABLE_OBJC_WEAK = YES;
				CLANG_WARN_BLOCK_CAPTURE_AUTORELEASING = YES;
				CLANG_WARN_BOOL_CONVERSION = YES;
				CLANG_WARN_COMMA = YES;
				CLANG_WARN_CONSTANT_CONVERSION = YES;
				CLANG_WARN_DEPRECATED_OBJC_IMPLEMENTATIONS = YES;
				CLANG_WARN_DIRECT_OBJC_ISA_USAGE = YES_ERROR;
				CLANG_WARN_DOCUMENTATION_COMMENTS = YES;
				CLANG_WARN_EMPTY_BODY = YES;
				CLANG_WARN_ENUM_CONVERSION = YES;
				CLANG_WARN_INFINITE_RECURSION = YES;
				CLANG_WARN_INT_CONVERSION = YES;
				CLANG_WARN_NON_LITERAL_NULL_CONVERSION = YES;
				CLANG_WARN_OBJC_IMPLICIT_RETAIN_SELF = YES;
				CLANG_WARN_OBJC_LITERAL_CONVERSION = YES;
				CLANG_WARN_OBJC_ROOT_CLASS = YES_ERROR;
				CLANG_WARN_QUOTED_INCLUDE_IN_FRAMEWORK_HEADER = YES;
				CLANG_WARN_RANGE_LOOP_ANALYSIS = YES;
				CLANG_WARN_STRICT_PROTOTYPES = YES;
				CLANG_WARN_SUSPICIOUS_MOVE = YES;
				CLANG_WARN_UNGUARDED_AVAILABILITY = YES_AGGRESSIVE;
				CLANG_WARN_UNREACHABLE_CODE = YES;
				CLANG_WARN__DUPLICATE_METHOD_MATCH = YES;
				COPY_PHASE_STRIP = NO;
				DEBUG_INFORMATION_FORMAT = "dwarf-with-dsym";
				ENABLE_NS_ASSERTIONS = NO;
				ENABLE_STRICT_OBJC_MSGSEND = YES;
				ENABLE_USER_SCRIPT_SANDBOXING = YES;
				GCC_C_LANGUAGE_STANDARD = gnu17;
				GCC_NO_COMMON_BLOCKS = YES;
				GCC_WARN_64_TO_32_BIT_CONVERSION = YES;
				GCC_WARN_ABOUT_RETURN_TYPE = YES_ERROR;
				GCC_WARN_UNDECLARED_SELECTOR = YES;
				GCC_WARN_UNINITIALIZED_AUTOS = YES_AGGRESSIVE;
				GCC_WARN_UNUSED_FUNCTION = YES;
				GCC_WARN_UNUSED_VARIABLE = YES;
				IPHONEOS_DEPLOYMENT_TARGET = 17.4;
				LOCALIZATION_PREFERS_STRING_CATALOGS = YES;
				MTL_ENABLE_DEBUG_INFO = NO;
				MTL_FAST_MATH = YES;
				SDKROOT = iphoneos;
				SWIFT_COMPILATION_MODE = wholemodule;
				VALIDATE_PRODUCT = YES;
			};
			name = Release;
		};
		8A3098982BE8D4A200F27593 /* Debug */ = {
			isa = XCBuildConfiguration;
			buildSettings = {
				ASSETCATALOG_COMPILER_APPICON_NAME = AppIcon;
				ASSETCATALOG_COMPILER_GLOBAL_ACCENT_COLOR_NAME = AccentColor;
				CODE_SIGN_STYLE = Automatic;
				CURRENT_PROJECT_VERSION = 1;
				DEVELOPMENT_ASSET_PATHS = "\"actapp/Preview Content\"";
				ENABLE_PREVIEWS = YES;
				GENERATE_INFOPLIST_FILE = YES;
				INFOPLIST_KEY_UIApplicationSceneManifest_Generation = YES;
				INFOPLIST_KEY_UIApplicationSupportsIndirectInputEvents = YES;
				INFOPLIST_KEY_UILaunchScreen_Generation = YES;
				INFOPLIST_KEY_UISupportedInterfaceOrientations_iPad = "UIInterfaceOrientationPortrait UIInterfaceOrientationPortraitUpsideDown UIInterfaceOrientationLandscapeLeft UIInterfaceOrientationLandscapeRight";
				INFOPLIST_KEY_UISupportedInterfaceOrientations_iPhone = "UIInterfaceOrientationPortrait UIInterfaceOrientationLandscapeLeft UIInterfaceOrientationLandscapeRight";
				LD_RUNPATH_SEARCH_PATHS = (
					"$(inherited)",
					"@executable_path/Frameworks",
				);
				MARKETING_VERSION = 1.0;
				PRODUCT_BUNDLE_IDENTIFIER = Kobolt.actapp;
				PRODUCT_NAME = "$(TARGET_NAME)";
				SWIFT_EMIT_LOC_STRINGS = YES;
				SWIFT_VERSION = 5.0;
				TARGETED_DEVICE_FAMILY = "1,2";
			};
			name = Debug;
		};
		8A3098992BE8D4A200F27593 /* Release */ = {
			isa = XCBuildConfiguration;
			buildSettings = {
				ASSETCATALOG_COMPILER_APPICON_NAME = AppIcon;
				ASSETCATALOG_COMPILER_GLOBAL_ACCENT_COLOR_NAME = AccentColor;
				CODE_SIGN_STYLE = Automatic;
				CURRENT_PROJECT_VERSION = 1;
				DEVELOPMENT_ASSET_PATHS = "\"actapp/Preview Content\"";
				ENABLE_PREVIEWS = YES;
				GENERATE_INFOPLIST_FILE = YES;
				INFOPLIST_KEY_UIApplicationSceneManifest_Generation = YES;
				INFOPLIST_KEY_UIApplicationSupportsIndirectInputEvents = YES;
				INFOPLIST_KEY_UILaunchScreen_Generation = YES;
				INFOPLIST_KEY_UISupportedInterfaceOrientations_iPad = "UIInterfaceOrientationPortrait UIInterfaceOrientationPortraitUpsideDown UIInterfaceOrientationLandscapeLeft UIInterfaceOrientationLandscapeRight";
				INFOPLIST_KEY_UISupportedInterfaceOrientations_iPhone = "UIInterfaceOrientationPortrait UIInterfaceOrientationLandscapeLeft UIInterfaceOrientationLandscapeRight";
				LD_RUNPATH_SEARCH_PATHS = (
					"$(inherited)",
					"@executable_path/Frameworks",
				);
				MARKETING_VERSION = 1.0;
				PRODUCT_BUNDLE_IDENTIFIER = Kobolt.actapp;
				PRODUCT_NAME = "$(TARGET_NAME)";
				SWIFT_EMIT_LOC_STRINGS = YES;
				SWIFT_VERSION = 5.0;
				TARGETED_DEVICE_FAMILY = "1,2";
			};
			name = Release;
		};
		8A30989B2BE8D4A200F27593 /* Debug */ = {
			isa = XCBuildConfiguration;
			buildSettings = {
				ALWAYS_EMBED_SWIFT_STANDARD_LIBRARIES = YES;
				BUNDLE_LOADER = "$(TEST_HOST)";
				CODE_SIGN_STYLE = Automatic;
				CURRENT_PROJECT_VERSION = 1;
				GENERATE_INFOPLIST_FILE = YES;
				IPHONEOS_DEPLOYMENT_TARGET = 17.4;
				MARKETING_VERSION = 1.0;
				PRODUCT_BUNDLE_IDENTIFIER = Kobolt.actappTests;
				PRODUCT_NAME = "$(TARGET_NAME)";
				SWIFT_EMIT_LOC_STRINGS = NO;
				SWIFT_VERSION = 5.0;
				TARGETED_DEVICE_FAMILY = "1,2";
				TEST_HOST = "$(BUILT_PRODUCTS_DIR)/actapp.app/$(BUNDLE_EXECUTABLE_FOLDER_PATH)/actapp";
			};
			name = Debug;
		};
		8A30989C2BE8D4A200F27593 /* Release */ = {
			isa = XCBuildConfiguration;
			buildSettings = {
				ALWAYS_EMBED_SWIFT_STANDARD_LIBRARIES = YES;
				BUNDLE_LOADER = "$(TEST_HOST)";
				CODE_SIGN_STYLE = Automatic;
				CURRENT_PROJECT_VERSION = 1;
				GENERATE_INFOPLIST_FILE = YES;
				IPHONEOS_DEPLOYMENT_TARGET = 17.4;
				MARKETING_VERSION = 1.0;
				PRODUCT_BUNDLE_IDENTIFIER = Kobolt.actappTests;
				PRODUCT_NAME = "$(TARGET_NAME)";
				SWIFT_EMIT_LOC_STRINGS = NO;
				SWIFT_VERSION = 5.0;
				TARGETED_DEVICE_FAMILY = "1,2";
				TEST_HOST = "$(BUILT_PRODUCTS_DIR)/actapp.app/$(BUNDLE_EXECUTABLE_FOLDER_PATH)/actapp";
			};
			name = Release;
		};
		8A30989E2BE8D4A200F27593 /* Debug */ = {
			isa = XCBuildConfiguration;
			buildSettings = {
				ALWAYS_EMBED_SWIFT_STANDARD_LIBRARIES = YES;
				CODE_SIGN_STYLE = Automatic;
				CURRENT_PROJECT_VERSION = 1;
				GENERATE_INFOPLIST_FILE = YES;
				MARKETING_VERSION = 1.0;
				PRODUCT_BUNDLE_IDENTIFIER = Kobolt.actappUITests;
				PRODUCT_NAME = "$(TARGET_NAME)";
				SWIFT_EMIT_LOC_STRINGS = NO;
				SWIFT_VERSION = 5.0;
				TARGETED_DEVICE_FAMILY = "1,2";
				TEST_TARGET_NAME = actapp;
			};
			name = Debug;
		};
		8A30989F2BE8D4A200F27593 /* Release */ = {
			isa = XCBuildConfiguration;
			buildSettings = {
				ALWAYS_EMBED_SWIFT_STANDARD_LIBRARIES = YES;
				CODE_SIGN_STYLE = Automatic;
				CURRENT_PROJECT_VERSION = 1;
				GENERATE_INFOPLIST_FILE = YES;
				MARKETING_VERSION = 1.0;
				PRODUCT_BUNDLE_IDENTIFIER = Kobolt.actappUITests;
				PRODUCT_NAME = "$(TARGET_NAME)";
				SWIFT_EMIT_LOC_STRINGS = NO;
				SWIFT_VERSION = 5.0;
				TARGETED_DEVICE_FAMILY = "1,2";
				TEST_TARGET_NAME = actapp;
			};
			name = Release;
		};
/* End XCBuildConfiguration section */

/* Begin XCConfigurationList section */
		8A30986E2BE8D4A000F27593 /* Build configuration list for PBXProject "actapp" */ = {
			isa = XCConfigurationList;
			buildConfigurations = (
				8A3098952BE8D4A200F27593 /* Debug */,
				8A3098962BE8D4A200F27593 /* Release */,
			);
			defaultConfigurationIsVisible = 0;
			defaultConfigurationName = Release;
		};
		8A3098972BE8D4A200F27593 /* Build configuration list for PBXNativeTarget "actapp" */ = {
			isa = XCConfigurationList;
			buildConfigurations = (
				8A3098982BE8D4A200F27593 /* Debug */,
				8A3098992BE8D4A200F27593 /* Release */,
			);
			defaultConfigurationIsVisible = 0;
			defaultConfigurationName = Release;
		};
		8A30989A2BE8D4A200F27593 /* Build configuration list for PBXNativeTarget "actappTests" */ = {
			isa = XCConfigurationList;
			buildConfigurations = (
				8A30989B2BE8D4A200F27593 /* Debug */,
				8A30989C2BE8D4A200F27593 /* Release */,
			);
			defaultConfigurationIsVisible = 0;
			defaultConfigurationName = Release;
		};
		8A30989D2BE8D4A200F27593 /* Build configuration list for PBXNativeTarget "actappUITests" */ = {
			isa = XCConfigurationList;
			buildConfigurations = (
				8A30989E2BE8D4A200F27593 /* Debug */,
				8A30989F2BE8D4A200F27593 /* Release */,
			);
			defaultConfigurationIsVisible = 0;
			defaultConfigurationName = Release;
		};
/* End XCConfigurationList section */
	};
	rootObject = 8A30986B2BE8D4A000F27593 /* Project object */;
}
